
Microsoft Visual Studio Solution File, Format Version 12.00
# Visual Studio Version 17
VisualStudioVersion = 17.3.32804.467
MinimumVisualStudioVersion = 10.0.40219.1
Project("{FAE04EC0-301F-11D3-BF4B-00C04F79EFBC}") = "ContaminationOfRecyclable", "ContaminationOfRecyclable\ContaminationOfRecyclable.csproj", "{D7BC8EA2-2ABA-4DA4-8C6C-CF1A1BFCACCA}"
EndProject
Global
	GlobalSection(SolutionConfigurationPlatforms) = preSolution
		Debug|Any CPU = Debug|Any CPU
		Release|Any CPU = Release|Any CPU
	EndGlobalSection
	GlobalSection(ProjectConfigurationPlatforms) = postSolution
		{D7BC8EA2-2ABA-4DA4-8C6C-CF1A1BFCACCA}.Debug|Any CPU.ActiveCfg = Debug|Any CPU
		{D7BC8EA2-2ABA-4DA4-8C6C-CF1A1BFCACCA}.Debug|Any CPU.Build.0 = Debug|Any CPU
		{D7BC8EA2-2ABA-4DA4-8C6C-CF1A1BFCACCA}.Release|Any CPU.ActiveCfg = Release|Any CPU
		{D7BC8EA2-2ABA-4DA4-8C6C-CF1A1BFCACCA}.Release|Any CPU.Build.0 = Release|Any CPU
	EndGlobalSection
	GlobalSection(SolutionProperties) = preSolution
		HideSolutionNode = FALSE
	EndGlobalSection
	GlobalSection(ExtensibilityGlobals) = postSolution
		SolutionGuid = {85EC9568-2BC3-4E2B-ACAA-C4D07D71CB83}
	EndGlobalSection
EndGlobal
